
Microsoft Visual Studio Solution File, Format Version 12.00
# Visual Studio Version 17
VisualStudioVersion = 17.9.34902.65
MinimumVisualStudioVersion = 10.0.40219.1
Project("{2150E333-8FDC-42A3-9474-1A3956D46DE8}") = "Services", "Services", "{A7A61CCA-CAE8-4F48-B1A0-6A072577C722}"
EndProject
Project("{2150E333-8FDC-42A3-9474-1A3956D46DE8}") = "Catalog", "Catalog", "{BDC25C87-2E0E-445E-A654-0BE846155BA1}"
EndProject
Project("{FAE04EC0-301F-11D3-BF4B-00C04F79EFBC}") = "Catalog.API", "Services\Catalog\Catalog.API\Catalog.API.csproj", "{62C71489-E1C6-43E1-ABDD-816A829A41E1}"
EndProject
Global
	GlobalSection(SolutionConfigurationPlatforms) = preSolution
		Debug|Any CPU = Debug|Any CPU
		Release|Any CPU = Release|Any CPU
	EndGlobalSection
	GlobalSection(ProjectConfigurationPlatforms) = postSolution
		{62C71489-E1C6-43E1-ABDD-816A829A41E1}.Debug|Any CPU.ActiveCfg = Debug|Any CPU
		{62C71489-E1C6-43E1-ABDD-816A829A41E1}.Debug|Any CPU.Build.0 = Debug|Any CPU
		{62C71489-E1C6-43E1-ABDD-816A829A41E1}.Release|Any CPU.ActiveCfg = Release|Any CPU
		{62C71489-E1C6-43E1-ABDD-816A829A41E1}.Release|Any CPU.Build.0 = Release|Any CPU
	EndGlobalSection
	GlobalSection(SolutionProperties) = preSolution
		HideSolutionNode = FALSE
	EndGlobalSection
	GlobalSection(NestedProjects) = preSolution
		{BDC25C87-2E0E-445E-A654-0BE846155BA1} = {A7A61CCA-CAE8-4F48-B1A0-6A072577C722}
		{62C71489-E1C6-43E1-ABDD-816A829A41E1} = {BDC25C87-2E0E-445E-A654-0BE846155BA1}
	EndGlobalSection
	GlobalSection(ExtensibilityGlobals) = postSolution
		SolutionGuid = {98DDA478-01AC-48D3-80F3-88E778B419CE}
	EndGlobalSection
EndGlobal
